Microsoft Visual Studio Solution File, Format Version 12.00
# Visual Studio Version 17
VisualStudioVersion = 17.5.2.0
MinimumVisualStudioVersion = 10.0.40219.1
Project("{FAE04EC0-301F-11D3-BF4B-00C04F79EFBC}") = "AirlineTicketingApi", "AirlineTicketingApi.csproj", "{A7FAAA29-2B62-5FBB-8377-E43AAB410629}"
EndProject
Global
	GlobalSection(SolutionConfigurationPlatforms) = preSolution
		Debug|Any CPU = Debug|Any CPU
		Release|Any CPU = Release|Any CPU
	EndGlobalSection
	GlobalSection(ProjectConfigurationPlatforms) = postSolution
		{A7FAAA29-2B62-5FBB-8377-E43AAB410629}.Debug|Any CPU.ActiveCfg = Debug|Any CPU
		{A7FAAA29-2B62-5FBB-8377-E43AAB410629}.Debug|Any CPU.Build.0 = Debug|Any CPU
		{A7FAAA29-2B62-5FBB-8377-E43AAB410629}.Release|Any CPU.ActiveCfg = Release|Any CPU
		{A7FAAA29-2B62-5FBB-8377-E43AAB410629}.Release|Any CPU.Build.0 = Release|Any CPU
	EndGlobalSection
	GlobalSection(SolutionProperties) = preSolution
		HideSolutionNode = FALSE
	EndGlobalSection
	GlobalSection(ExtensibilityGlobals) = postSolution
		SolutionGuid = {4835461C-BB93-46F1-A8D5-57577EE39869}
	EndGlobalSection
EndGlobal
