
Microsoft Visual Studio Solution File, Format Version 12.00
# Visual Studio Version 17
VisualStudioVersion = 17.5.2.0
MinimumVisualStudioVersion = 10.0.40219.1
Project("{2150E333-8FDC-42A3-9474-1A3956D46DE8}") = "Api", "Api", "{D82C56D6-B2CD-F611-9E31-04638F7EC30E}"
EndProject
Project("{FAE04EC0-301F-11D3-BF4B-00C04F79EFBC}") = "AirlineTicketingApi", "Api\AirlineTicketingApi.csproj", "{5D0C55B3-47D0-48D1-B468-0623CF846C4B}"
EndProject
Project("{FAE04EC0-301F-11D3-BF4B-00C04F79EFBC}") = "AirlineTicketingGateway", "AirlineTicketingGateway\AirlineTicketingGateway.csproj", "{EB136E8B-BA67-4D80-824B-5CABD3FC1A5D}"
EndProject
Global
	GlobalSection(SolutionConfigurationPlatforms) = preSolution
		Debug|Any CPU = Debug|Any CPU
		Debug|x64 = Debug|x64
		Debug|x86 = Debug|x86
		Release|Any CPU = Release|Any CPU
		Release|x64 = Release|x64
		Release|x86 = Release|x86
	EndGlobalSection
	GlobalSection(ProjectConfigurationPlatforms) = postSolution
		{5D0C55B3-47D0-48D1-B468-0623CF846C4B}.Debug|Any CPU.ActiveCfg = Debug|Any CPU
		{5D0C55B3-47D0-48D1-B468-0623CF846C4B}.Debug|Any CPU.Build.0 = Debug|Any CPU
		{5D0C55B3-47D0-48D1-B468-0623CF846C4B}.Debug|x64.ActiveCfg = Debug|Any CPU
		{5D0C55B3-47D0-48D1-B468-0623CF846C4B}.Debug|x64.Build.0 = Debug|Any CPU
		{5D0C55B3-47D0-48D1-B468-0623CF846C4B}.Debug|x86.ActiveCfg = Debug|Any CPU
		{5D0C55B3-47D0-48D1-B468-0623CF846C4B}.Debug|x86.Build.0 = Debug|Any CPU
		{5D0C55B3-47D0-48D1-B468-0623CF846C4B}.Release|Any CPU.ActiveCfg = Release|Any CPU
		{5D0C55B3-47D0-48D1-B468-0623CF846C4B}.Release|Any CPU.Build.0 = Release|Any CPU
		{5D0C55B3-47D0-48D1-B468-0623CF846C4B}.Release|x64.ActiveCfg = Release|Any CPU
		{5D0C55B3-47D0-48D1-B468-0623CF846C4B}.Release|x64.Build.0 = Release|Any CPU
		{5D0C55B3-47D0-48D1-B468-0623CF846C4B}.Release|x86.ActiveCfg = Release|Any CPU
		{5D0C55B3-47D0-48D1-B468-0623CF846C4B}.Release|x86.Build.0 = Release|Any CPU
		{EB136E8B-BA67-4D80-824B-5CABD3FC1A5D}.Debug|Any CPU.ActiveCfg = Debug|Any CPU
		{EB136E8B-BA67-4D80-824B-5CABD3FC1A5D}.Debug|Any CPU.Build.0 = Debug|Any CPU
		{EB136E8B-BA67-4D80-824B-5CABD3FC1A5D}.Debug|x64.ActiveCfg = Debug|Any CPU
		{EB136E8B-BA67-4D80-824B-5CABD3FC1A5D}.Debug|x64.Build.0 = Debug|Any CPU
		{EB136E8B-BA67-4D80-824B-5CABD3FC1A5D}.Debug|x86.ActiveCfg = Debug|Any CPU
		{EB136E8B-BA67-4D80-824B-5CABD3FC1A5D}.Debug|x86.Build.0 = Debug|Any CPU
		{EB136E8B-BA67-4D80-824B-5CABD3FC1A5D}.Release|Any CPU.ActiveCfg = Release|Any CPU
		{EB136E8B-BA67-4D80-824B-5CABD3FC1A5D}.Release|Any CPU.Build.0 = Release|Any CPU
		{EB136E8B-BA67-4D80-824B-5CABD3FC1A5D}.Release|x64.ActiveCfg = Release|Any CPU
		{EB136E8B-BA67-4D80-824B-5CABD3FC1A5D}.Release|x64.Build.0 = Release|Any CPU
		{EB136E8B-BA67-4D80-824B-5CABD3FC1A5D}.Release|x86.ActiveCfg = Release|Any CPU
		{EB136E8B-BA67-4D80-824B-5CABD3FC1A5D}.Release|x86.Build.0 = Release|Any CPU
	EndGlobalSection
	GlobalSection(SolutionProperties) = preSolution
		HideSolutionNode = FALSE
	EndGlobalSection
	GlobalSection(NestedProjects) = preSolution
		{5D0C55B3-47D0-48D1-B468-0623CF846C4B} = {D82C56D6-B2CD-F611-9E31-04638F7EC30E}
	EndGlobalSection
	GlobalSection(ExtensibilityGlobals) = postSolution
		SolutionGuid = {4835461C-BB93-46F1-A8D5-57577EE39869}
	EndGlobalSection
EndGlobal
